
Microsoft Visual Studio Solution File, Format Version 12.00
# Visual Studio Version 16
VisualStudioVersion = 16.0.30804.86
MinimumVisualStudioVersion = 10.0.40219.1
Project("{9A19103F-16F7-4668-BE54-9A1E7A4F7556}") = "PosWeb", "PosWeb\PosWeb.csproj", "{535D6353-D8A2-4078-933C-C11C62F8DB0D}"
EndProject
Project("{9A19103F-16F7-4668-BE54-9A1E7A4F7556}") = "PosService", "PosService\PosService.csproj", "{960D38E2-D8E3-4DDC-AD7A-6701E0595A8C}"
EndProject
Project("{FAE04EC0-301F-11D3-BF4B-00C04F79EFBC}") = "PosCore", "PosCore\PosCore.csproj", "{EC3F5308-6882-4221-8AAA-0AFD4983012C}"
EndProject
Global
	GlobalSection(SolutionConfigurationPlatforms) = preSolution
		Debug|Any CPU = Debug|Any CPU
		Release|Any CPU = Release|Any CPU
	EndGlobalSection
	GlobalSection(ProjectConfigurationPlatforms) = postSolution
		{535D6353-D8A2-4078-933C-C11C62F8DB0D}.Debug|Any CPU.ActiveCfg = Debug|Any CPU
		{535D6353-D8A2-4078-933C-C11C62F8DB0D}.Debug|Any CPU.Build.0 = Debug|Any CPU
		{535D6353-D8A2-4078-933C-C11C62F8DB0D}.Release|Any CPU.ActiveCfg = Release|Any CPU
		{535D6353-D8A2-4078-933C-C11C62F8DB0D}.Release|Any CPU.Build.0 = Release|Any CPU
		{960D38E2-D8E3-4DDC-AD7A-6701E0595A8C}.Debug|Any CPU.ActiveCfg = Debug|Any CPU
		{960D38E2-D8E3-4DDC-AD7A-6701E0595A8C}.Debug|Any CPU.Build.0 = Debug|Any CPU
		{960D38E2-D8E3-4DDC-AD7A-6701E0595A8C}.Release|Any CPU.ActiveCfg = Release|Any CPU
		{960D38E2-D8E3-4DDC-AD7A-6701E0595A8C}.Release|Any CPU.Build.0 = Release|Any CPU
		{EC3F5308-6882-4221-8AAA-0AFD4983012C}.Debug|Any CPU.ActiveCfg = Debug|Any CPU
		{EC3F5308-6882-4221-8AAA-0AFD4983012C}.Debug|Any CPU.Build.0 = Debug|Any CPU
		{EC3F5308-6882-4221-8AAA-0AFD4983012C}.Release|Any CPU.ActiveCfg = Release|Any CPU
		{EC3F5308-6882-4221-8AAA-0AFD4983012C}.Release|Any CPU.Build.0 = Release|Any CPU
	EndGlobalSection
	GlobalSection(SolutionProperties) = preSolution
		HideSolutionNode = FALSE
	EndGlobalSection
	GlobalSection(ExtensibilityGlobals) = postSolution
		SolutionGuid = {9756B86B-831F-49C9-A079-E53E5DD95B91}
	EndGlobalSection
EndGlobal
